
Microsoft Visual Studio Solution File, Format Version 12.00
# Visual Studio Version 16
VisualStudioVersion = 16.0.30907.101
MinimumVisualStudioVersion = 10.0.40219.1
Project("{FAE04EC0-301F-11D3-BF4B-00C04F79EFBC}") = "Lab09", "Lab09\Lab09.csproj", "{9B301EC5-8B19-4D60-B0D9-F5A4D3C086C3}"
EndProject
Project("{FAE04EC0-301F-11D3-BF4B-00C04F79EFBC}") = "Lab09-Tests", "Lab09-Tests\Lab09-Tests.csproj", "{B8BBF598-7182-4BFD-BB50-A4564F02C2DF}"
EndProject
Global
	GlobalSection(SolutionConfigurationPlatforms) = preSolution
		Debug|Any CPU = Debug|Any CPU
		Release|Any CPU = Release|Any CPU
	EndGlobalSection
	GlobalSection(ProjectConfigurationPlatforms) = postSolution
		{9B301EC5-8B19-4D60-B0D9-F5A4D3C086C3}.Debug|Any CPU.ActiveCfg = Debug|Any CPU
		{9B301EC5-8B19-4D60-B0D9-F5A4D3C086C3}.Debug|Any CPU.Build.0 = Debug|Any CPU
		{9B301EC5-8B19-4D60-B0D9-F5A4D3C086C3}.Release|Any CPU.ActiveCfg = Release|Any CPU
		{9B301EC5-8B19-4D60-B0D9-F5A4D3C086C3}.Release|Any CPU.Build.0 = Release|Any CPU
		{B8BBF598-7182-4BFD-BB50-A4564F02C2DF}.Debug|Any CPU.ActiveCfg = Debug|Any CPU
		{B8BBF598-7182-4BFD-BB50-A4564F02C2DF}.Debug|Any CPU.Build.0 = Debug|Any CPU
		{B8BBF598-7182-4BFD-BB50-A4564F02C2DF}.Release|Any CPU.ActiveCfg = Release|Any CPU
		{B8BBF598-7182-4BFD-BB50-A4564F02C2DF}.Release|Any CPU.Build.0 = Release|Any CPU
	EndGlobalSection
	GlobalSection(SolutionProperties) = preSolution
		HideSolutionNode = FALSE
	EndGlobalSection
	GlobalSection(ExtensibilityGlobals) = postSolution
		SolutionGuid = {A90D11F2-FC34-4430-B153-5F1D580BC8EB}
	EndGlobalSection
EndGlobal
